
Microsoft Visual Studio Solution File, Format Version 12.00
# Visual Studio Version 17
VisualStudioVersion = 17.4.33020.496
MinimumVisualStudioVersion = 10.0.40219.1
Project("{9A19103F-16F7-4668-BE54-9A1E7A4F7556}") = "WeatherApp", "WeatherApp\WeatherApp.csproj", "{2F1F4FC2-9130-4459-BE5B-A32318A67ECE}"
EndProject
Project("{FAE04EC0-301F-11D3-BF4B-00C04F79EFBC}") = "WeatherAppTest", "WeatherAppTest\WeatherAppTest.csproj", "{C85AB278-3D49-4722-B669-C787FC657F5F}"
EndProject
Global
	GlobalSection(SolutionConfigurationPlatforms) = preSolution
		Debug|Any CPU = Debug|Any CPU
		Release|Any CPU = Release|Any CPU
	EndGlobalSection
	GlobalSection(ProjectConfigurationPlatforms) = postSolution
		{2F1F4FC2-9130-4459-BE5B-A32318A67ECE}.Debug|Any CPU.ActiveCfg = Debug|Any CPU
		{2F1F4FC2-9130-4459-BE5B-A32318A67ECE}.Debug|Any CPU.Build.0 = Debug|Any CPU
		{2F1F4FC2-9130-4459-BE5B-A32318A67ECE}.Release|Any CPU.ActiveCfg = Release|Any CPU
		{2F1F4FC2-9130-4459-BE5B-A32318A67ECE}.Release|Any CPU.Build.0 = Release|Any CPU
		{C85AB278-3D49-4722-B669-C787FC657F5F}.Debug|Any CPU.ActiveCfg = Debug|Any CPU
		{C85AB278-3D49-4722-B669-C787FC657F5F}.Debug|Any CPU.Build.0 = Debug|Any CPU
		{C85AB278-3D49-4722-B669-C787FC657F5F}.Release|Any CPU.ActiveCfg = Release|Any CPU
		{C85AB278-3D49-4722-B669-C787FC657F5F}.Release|Any CPU.Build.0 = Release|Any CPU
	EndGlobalSection
	GlobalSection(SolutionProperties) = preSolution
		HideSolutionNode = FALSE
	EndGlobalSection
	GlobalSection(ExtensibilityGlobals) = postSolution
		SolutionGuid = {205541AE-8A04-4194-BDE1-B700711C4164}
	EndGlobalSection
EndGlobal
